dependencies:
- name: zeebe-cluster-k8s-helm
  repository: http://chartmuseum.jx.35.205.186.141.nip.io
  version: 0.0.24
- name: zeebe-operate-k8s-helm
  repository: http://chartmuseum.jx.35.205.186.141.nip.io
  version: 0.0.12
- name: nginx-ingress
  repository: https://kubernetes-charts.storage.googleapis.com
  version: 1.19.0
digest: sha256:16cd8e10cb17944774de3e967c43d1eb5d92d1d27d73e5f8c54fd8f9ce0a71dd
generated: "2019-09-07T20:27:20.299368+02:00"
